
Microsoft Visual Studio Solution File, Format Version 12.00
# Visual Studio Version 17
VisualStudioVersion = 17.11.35327.3
MinimumVisualStudioVersion = 10.0.40219.1
Project("{FAE04EC0-301F-11D3-BF4B-00C04F79EFBC}") = "BurbujasDeNotas", "BurbujasDeNotas.csproj", "{C8DD9F00-02A6-4AA0-B5D0-ECA4DBA77830}"
EndProject
Global
	GlobalSection(SolutionConfigurationPlatforms) = preSolution
		Debug|Any CPU = Debug|Any CPU
		Release|Any CPU = Release|Any CPU
	EndGlobalSection
	GlobalSection(ProjectConfigurationPlatforms) = postSolution
		{C8DD9F00-02A6-4AA0-B5D0-ECA4DBA77830}.Debug|Any CPU.ActiveCfg = Debug|Any CPU
		{C8DD9F00-02A6-4AA0-B5D0-ECA4DBA77830}.Debug|Any CPU.Build.0 = Debug|Any CPU
		{C8DD9F00-02A6-4AA0-B5D0-ECA4DBA77830}.Release|Any CPU.ActiveCfg = Release|Any CPU
		{C8DD9F00-02A6-4AA0-B5D0-ECA4DBA77830}.Release|Any CPU.Build.0 = Release|Any CPU
	EndGlobalSection
	GlobalSection(SolutionProperties) = preSolution
		HideSolutionNode = FALSE
	EndGlobalSection
	GlobalSection(ExtensibilityGlobals) = postSolution
		SolutionGuid = {E67076BE-C745-4AF0-9544-1FAF5BA36270}
	EndGlobalSection
EndGlobal
